{"R":{"Version":"4.3.0","Repositories":[{"Name":"CRAN","URI":"https://cloud.r-project.org"}]},"Packages":{"here":{"Package":"here","Version":"1.0.1","Source":"Repository","Repository":"CRAN"},"survey":{"Package":"survey","Version":"4.4","Source":"Repository","Repository":"CRAN"},"srvyr":{"Package":"srvyr","Version":"1.2.0","Source":"Repository","Repository":"CRAN"},"WeightIt":{"Package":"WeightIt","Version":"0.13.0","Source":"Repository","Repository":"CRAN"},"cobalt":{"Package":"cobalt","Version":"1.7.0","Source":"Repository","Repository":"CRAN"},"sandwich":{"Package":"sandwich","Version":"3.1.0","Source":"Repository","Repository":"CRAN"},"lmtest":{"Package":"lmtest","Version":"0.9.40","Source":"Repository","Repository":"CRAN"},"poLCA":{"Package":"poLCA","Version":"1.6.0","Source":"Repository","Repository":"CRAN"},"igraph":{"Package":"igraph","Version":"1.5.1","Source":"Repository","Repository":"CRAN"},"ggraph":{"Package":"ggraph","Version":"2.1.0","Source":"Repository","Repository":"CRAN"},"ggplot2":{"Package":"ggplot2","Version":"3.4.4","Source":"Repository","Repository":"CRAN"},"tidyr":{"Package":"tidyr","Version":"1.3.0","Source":"Repository","Repository":"CRAN"},"dplyr":{"Package":"dplyr","Version":"1.1.4","Source":"Repository","Repository":"CRAN"},"purrr":{"Package":"purrr","Version":"1.0.2","Source":"Repository","Repository":"CRAN"},"gt":{"Package":"gt","Version":"0.10.0","Source":"Repository","Repository":"CRAN"},"data.table":{"Package":"data.table","Version":"1.14.10","Source":"Repository","Repository":"CRAN"},"haven":{"Package":"haven","Version":"2.5.4","Source":"Repository","Repository":"CRAN"},"readxl":{"Package":"readxl","Version":"1.4.3","Source":"Repository","Repository":"CRAN"},"rmarkdown":{"Package":"rmarkdown","Version":"2.25","Source":"Repository","Repository":"CRAN"},"knitr":{"Package":"knitr","Version":"1.45","Source":"Repository","Repository":"CRAN"}}}
